{
  "name": "babylonjs_test1",
  "lockfileVersion": 3,
  "requires": true,
  "packages": {
    "": {
      "dependencies": {
        "@babylonjs/serializers": "^6.44.0"
      }
    },
    "node_modules/@babylonjs/core": {
      "version": "6.44.0",
      "resolved": "https://registry.npmjs.org/@babylonjs/core/-/core-6.44.0.tgz",
      "integrity": "sha512-wSLNutd8qADzPJaKSe2JGN0CGG+bPaayttZIIv9U/ziTnw9EL9KmtU4u26CJMtuV5X8zVvVxih+wNipkHpzgug==",
      "peer": true
    },
    "node_modules/@babylonjs/serializers": {
      "version": "6.44.0",
      "resolved": "https://registry.npmjs.org/@babylonjs/serializers/-/serializers-6.44.0.tgz",
      "integrity": "sha512-15OK6zReLiDwMK5PKGJrnC7XUbypzqrwuwhTv4ojOosG8NRpolHrnMUIpkz7+c6gQK4grT+zqqJtsiFnee9O5w==",
      "peerDependencies": {
        "@babylonjs/core": "^6.0.0",
        "babylonjs-gltf2interface": "^6.0.0"
      }
    },
    "node_modules/babylonjs-gltf2interface": {
      "version": "6.44.0",
      "resolved": "https://registry.npmjs.org/babylonjs-gltf2interface/-/babylonjs-gltf2interface-6.44.0.tgz",
      "integrity": "sha512-9sHU8pa8p6Virh/I4bNGCP1f4BNWEdtD53fkcqWfLaFxT2/bRDPFCvRHxwyM6jxlsMUJQTgEzWaLBQqbFGFQ1Q==",
      "peer": true
    }
  }
}
